<?xml version="1.0" encoding="utf-8"?>
<Project ToolsVersion="4.0" xmlns="http://schemas.microsoft.com/developer/msbuild/2003">
  <ItemGroup>
    <Filter Include="源文件">
      <UniqueIdentifier>{4FC737F1-C7A5-4376-A066-2A32D752A2FF}</UniqueIdentifier>
      <Extensions>cpp;c;cc;cxx;def;odl;idl;hpj;bat;asm;asmx</Extensions>
    </Filter>
    <Filter Include="头文件">
      <UniqueIdentifier>{93995380-89BD-4b04-88EB-625FBE52EBFB}</UniqueIdentifier>
      <Extensions>h;hh;hpp;hxx;hm;inl;inc;xsd</Extensions>
    </Filter>
    <Filter Include="资源文件">
      <UniqueIdentifier>{67DA6AB6-F800-4c08-8B7A-83BB121AAD01}</UniqueIdentifier>
      <Extensions>rc;ico;cur;bmp;dlg;rc2;rct;bin;rgs;gif;jpg;jpeg;jpe;resx;tiff;tif;png;wav;mfcribbon-ms</Extensions>
    </Filter>
  </ItemGroup>
  <ItemGroup>
    <ClCompile Include="POJ3278_catch_that_cow.cpp">
      <Filter>源文件</Filter>
    </ClCompile>
    <ClCompile Include="POJ2394_checking_an_alibi.cpp">
      <Filter>源文件</Filter>
    </ClCompile>
    <ClCompile Include="leetcode10_QAQ_regular_expression_matching.cpp">
      <Filter>源文件</Filter>
    </ClCompile>
    <ClCompile Include="leetcode23_TODO_merge_k_sorted_lists.cpp">
      <Filter>源文件</Filter>
    </ClCompile>
    <ClCompile Include="leetcode25_TODO_reverse_nodes_in_k_group.cpp">
      <Filter>源文件</Filter>
    </ClCompile>
    <ClCompile Include="leetcode30_substring_with_concatenation_of_all_words.cpp">
      <Filter>源文件</Filter>
    </ClCompile>
    <ClCompile Include="leetcode33_search_in_rotated_array.cpp">
      <Filter>源文件</Filter>
    </ClCompile>
    <ClCompile Include="leetcode51_n_queens.cpp">
      <Filter>源文件</Filter>
    </ClCompile>
    <ClCompile Include="leetcode52_n_queens_2.cpp">
      <Filter>源文件</Filter>
    </ClCompile>
    <ClCompile Include="leetcode54_spiral_matrix.cpp">
      <Filter>源文件</Filter>
    </ClCompile>
    <ClCompile Include="leetcode55_jump_game.cpp">
      <Filter>源文件</Filter>
    </ClCompile>
    <ClCompile Include="leetcode56_merge_intervals.cpp">
      <Filter>源文件</Filter>
    </ClCompile>
    <ClCompile Include="leetcode57_insert_intervals.cpp">
      <Filter>源文件</Filter>
    </ClCompile>
    <ClCompile Include="leetcode58_length_of_last_word.cpp">
      <Filter>源文件</Filter>
    </ClCompile>
    <ClCompile Include="leetcode60_permutation_sequence.cpp">
      <Filter>源文件</Filter>
    </ClCompile>
    <ClCompile Include="leetcode61_rotate_list.cpp">
      <Filter>源文件</Filter>
    </ClCompile>
  </ItemGroup>
</Project>